// !$*UTF8*$!
{
	archiveVersion = 1;
	classes = {
	};
	objectVersion = 46;
	objects = {

/* Begin PBXBuildFile section */
		D90D07781D221E3C00DC806B /* YYUtils.swift in Sources */ = {isa = PBXBuildFile; fileRef = D90D07771D221E3C00DC806B /* YYUtils.swift */; };
		D90D07821D224CF300DC806B /* YYDetailTableViewCell.swift in Sources */ = {isa = PBXBuildFile; fileRef = D90D07801D224CF300DC806B /* YYDetailTableViewCell.swift */; };
		D942AC361D1A68CD00246980 /* YYDataMaster.swift in Sources */ = {isa = PBXBuildFile; fileRef = D942AC351D1A68CD00246980 /* YYDataMaster.swift */; };
		D94E57651D21202E002A0A5D /* YYDayDetailViewController.swift in Sources */ = {isa = PBXBuildFile; fileRef = D94E57631D21202E002A0A5D /* YYDayDetailViewController.swift */; };
		D94E57661D21202E002A0A5D /* YYDayDetailViewController.xib in Resources */ = {isa = PBXBuildFile; fileRef = D94E57641D21202E002A0A5D /* YYDayDetailViewController.xib */; };
		D970EF111D2C957500C32D66 /* YYDetailTableViewCell.xib in Resources */ = {isa = PBXBuildFile; fileRef = D970EF131D2C957500C32D66 /* YYDetailTableViewCell.xib */; };
		D987C2A01D1BA1CE002AC093 /* YYIndicateViewController.swift in Sources */ = {isa = PBXBuildFile; fileRef = D987C29F1D1BA1CE002AC093 /* YYIndicateViewController.swift */; };
		D987C2A71D1BA8E5002AC093 /* YYDayCollectionViewCell.swift in Sources */ = {isa = PBXBuildFile; fileRef = D987C2A51D1BA8E5002AC093 /* YYDayCollectionViewCell.swift */; };
		D987C2AB1D1BAC65002AC093 /* YYSectionHeaderReusableView.swift in Sources */ = {isa = PBXBuildFile; fileRef = D987C2A91D1BAC65002AC093 /* YYSectionHeaderReusableView.swift */; };
		D9891B4F1D9030E60052E822 /* workHoliday.plist in Resources */ = {isa = PBXBuildFile; fileRef = D9D41D501D2BA833002B7E57 /* workHoliday.plist */; };
		D990A5891D191F36006476DB /* AppDelegate.swift in Sources */ = {isa = PBXBuildFile; fileRef = D990A5881D191F36006476DB /* AppDelegate.swift */; };
		D9A1812D1D1CE67A001B155F /* Main.storyboard in Resources */ = {isa = PBXBuildFile; fileRef = D9A1812A1D1CE5D7001B155F /* Main.storyboard */; };
		D9A1812E1D1CE67F001B155F /* Assets.xcassets in Resources */ = {isa = PBXBuildFile; fileRef = D990A58F1D191F36006476DB /* Assets.xcassets */; };
		D9A1812F1D1CE696001B155F /* LaunchScreen.storyboard in Resources */ = {isa = PBXBuildFile; fileRef = D990A5911D191F36006476DB /* LaunchScreen.storyboard */; };
		D9A181301D1CE6B3001B155F /* YYSectionHeaderReusableView.xib in Resources */ = {isa = PBXBuildFile; fileRef = D987C2AA1D1BAC65002AC093 /* YYSectionHeaderReusableView.xib */; };
		D9A181311D1CE6B8001B155F /* YYDayCollectionViewCell.xib in Resources */ = {isa = PBXBuildFile; fileRef = D987C2A61D1BA8E5002AC093 /* YYDayCollectionViewCell.xib */; };
		D9A181341D1CFDA6001B155F /* YYBaseRequest.swift in Sources */ = {isa = PBXBuildFile; fileRef = D9A181331D1CFDA6001B155F /* YYBaseRequest.swift */; };
		D9A73AF41D264ABB0041E971 /* libGDTMobSDK.a in Frameworks */ = {isa = PBXBuildFile; fileRef = D9A73AF31D264ABB0041E971 /* libGDTMobSDK.a */; };
		D9A73AF61D264B8A0041E971 /* AdSupport.framework in Frameworks */ = {isa = PBXBuildFile; fileRef = D9A73AF51D264B8A0041E971 /* AdSupport.framework */; };
		D9A73AF81D264B930041E971 /* CoreLocation.framework in Frameworks */ = {isa = PBXBuildFile; fileRef = D9A73AF71D264B930041E971 /* CoreLocation.framework */; };
		D9A73AFA1D264B9A0041E971 /* QuartzCore.framework in Frameworks */ = {isa = PBXBuildFile; fileRef = D9A73AF91D264B9A0041E971 /* QuartzCore.framework */; };
		D9A73AFC1D264BA70041E971 /* SystemConfiguration.framework in Frameworks */ = {isa = PBXBuildFile; fileRef = D9A73AFB1D264BA70041E971 /* SystemConfiguration.framework */; };
		D9A73AFE1D264BB30041E971 /* CoreTelephony.framework in Frameworks */ = {isa = PBXBuildFile; fileRef = D9A73AFD1D264BB30041E971 /* CoreTelephony.framework */; };
		D9A73B001D264BBF0041E971 /* libz.tbd in Frameworks */ = {isa = PBXBuildFile; fileRef = D9A73AFF1D264BBF0041E971 /* libz.tbd */; };
		D9A73B021D264BC60041E971 /* Security.framework in Frameworks */ = {isa = PBXBuildFile; fileRef = D9A73B011D264BC60041E971 /* Security.framework */; };
		D9E5FA381EFCFA3800AD56B5 /* libmtasdk.a in Frameworks */ = {isa = PBXBuildFile; fileRef = D9E5FA371EFCFA3800AD56B5 /* libmtasdk.a */; };
		D9E5FA3C1EFCFA9600AD56B5 /* libsqlite3.tbd in Frameworks */ = {isa = PBXBuildFile; fileRef = D9E5FA3B1EFCFA9600AD56B5 /* libsqlite3.tbd */; };
/* End PBXBuildFile section */

/* Begin PBXFileReference section */
		D90D07771D221E3C00DC806B /* YYUtils.swift */ = {isa = PBXFileReference; fileEncoding = 4; lastKnownFileType = sourcecode.swift; name = YYUtils.swift; path = ../YYUtils.swift; sourceTree = "<group>"; };
		D90D07801D224CF300DC806B /* YYDetailTableViewCell.swift */ = {isa = PBXFileReference; fileEncoding = 4; lastKnownFileType = sourcecode.swift; path = YYDetailTableViewCell.swift; sourceTree = "<group>"; };
		D93BB7951EFB6597006432C7 /* zh-Hans */ = {isa = PBXFileReference; lastKnownFileType = text.plist.xml; name = "zh-Hans"; path = "zh-Hans.lproj/Info.plist"; sourceTree = "<group>"; };
		D93BB7961EFB659F006432C7 /* en */ = {isa = PBXFileReference; lastKnownFileType = text.plist.xml; name = en; path = en.lproj/Info.plist; sourceTree = "<group>"; };
		D942AC351D1A68CD00246980 /* YYDataMaster.swift */ = {isa = PBXFileReference; fileEncoding = 4; lastKnownFileType = sourcecode.swift; name = YYDataMaster.swift; path = ../YYDataMaster.swift; sourceTree = "<group>"; };
		D94E57631D21202E002A0A5D /* YYDayDetailViewController.swift */ = {isa = PBXFileReference; fileEncoding = 4; lastKnownFileType = sourcecode.swift; name = YYDayDetailViewController.swift; path = ../../YYDayDetailViewController.swift; sourceTree = "<group>"; };
		D94E57641D21202E002A0A5D /* YYDayDetailViewController.xib */ = {isa = PBXFileReference; fileEncoding = 4; lastKnownFileType = file.xib; name = YYDayDetailViewController.xib; path = ../../YYDayDetailViewController.xib; sourceTree = "<group>"; };
		D970EF121D2C957500C32D66 /* Base */ = {isa = PBXFileReference; lastKnownFileType = file.xib; name = Base; path = Base.lproj/YYDetailTableViewCell.xib; sourceTree = "<group>"; };
		D970EF161D2C95AA00C32D66 /* zh-Hans */ = {isa = PBXFileReference; lastKnownFileType = text.plist.strings; name = "zh-Hans"; path = "zh-Hans.lproj/YYDetailTableViewCell.strings"; sourceTree = "<group>"; };
		D970EF171D2C95AA00C32D66 /* zh-Hans */ = {isa = PBXFileReference; lastKnownFileType = text.plist.strings; name = "zh-Hans"; path = "zh-Hans.lproj/Main.strings"; sourceTree = "<group>"; };
		D970EF181D2C95AA00C32D66 /* zh-Hans */ = {isa = PBXFileReference; lastKnownFileType = text.plist.strings; name = "zh-Hans"; path = "zh-Hans.lproj/LaunchScreen.strings"; sourceTree = "<group>"; };
		D970EF1A1D2C95AA00C32D66 /* zh-Hans */ = {isa = PBXFileReference; lastKnownFileType = text.plist.xml; name = "zh-Hans"; path = "zh-Hans.lproj/workHoliday.plist"; sourceTree = "<group>"; };
		D987C29F1D1BA1CE002AC093 /* YYIndicateViewController.swift */ = {isa = PBXFileReference; fileEncoding = 4; lastKnownFileType = sourcecode.swift; name = YYIndicateViewController.swift; path = ../../YYIndicateViewController.swift; sourceTree = "<group>"; };
		D987C2A51D1BA8E5002AC093 /* YYDayCollectionViewCell.swift */ = {isa = PBXFileReference; fileEncoding = 4; lastKnownFileType = sourcecode.swift; name = YYDayCollectionViewCell.swift; path = ../../../YYDayCollectionViewCell.swift; sourceTree = "<group>"; };
		D987C2A61D1BA8E5002AC093 /* YYDayCollectionViewCell.xib */ = {isa = PBXFileReference; fileEncoding = 4; lastKnownFileType = file.xib; name = YYDayCollectionViewCell.xib; path = ../../../YYDayCollectionViewCell.xib; sourceTree = "<group>"; };
		D987C2A91D1BAC65002AC093 /* YYSectionHeaderReusableView.swift */ = {isa = PBXFileReference; fileEncoding = 4; lastKnownFileType = sourcecode.swift; name = YYSectionHeaderReusableView.swift; path = ../../../YYSectionHeaderReusableView.swift; sourceTree = "<group>"; };
		D987C2AA1D1BAC65002AC093 /* YYSectionHeaderReusableView.xib */ = {isa = PBXFileReference; fileEncoding = 4; lastKnownFileType = file.xib; name = YYSectionHeaderReusableView.xib; path = ../../../YYSectionHeaderReusableView.xib; sourceTree = "<group>"; };
		D990A5851D191F36006476DB /* Calendar.app */ = {isa = PBXFileReference; explicitFileType = wrapper.application; includeInIndex = 0; path = Calendar.app; sourceTree = BUILT_PRODUCTS_DIR; };
		D990A5881D191F36006476DB /* AppDelegate.swift */ = {isa = PBXFileReference; lastKnownFileType = sourcecode.swift; path = AppDelegate.swift; sourceTree = "<group>"; };
		D990A58F1D191F36006476DB /* Assets.xcassets */ = {isa = PBXFileReference; lastKnownFileType = folder.assetcatalog; path = Assets.xcassets; sourceTree = "<group>"; };
		D990A5921D191F36006476DB /* Base */ = {isa = PBXFileReference; lastKnownFileType = file.storyboard; name = Base; path = Base.lproj/LaunchScreen.storyboard; sourceTree = "<group>"; };
		D9A1812B1D1CE5D7001B155F /* Base */ = {isa = PBXFileReference; lastKnownFileType = file.storyboard; name = Base; path = Base.lproj/Main.storyboard; sourceTree = "<group>"; };
		D9A181321D1CFC86001B155F /* Calendar-Bridging-Header.h */ = {isa = PBXFileReference; fileEncoding = 4; lastKnownFileType = sourcecode.c.h; name = "Calendar-Bridging-Header.h"; path = "../Calendar-Bridging-Header.h"; sourceTree = "<group>"; };
		D9A181331D1CFDA6001B155F /* YYBaseRequest.swift */ = {isa = PBXFileReference; fileEncoding = 4; lastKnownFileType = sourcecode.swift; name = YYBaseRequest.swift; path = ../YYBaseRequest.swift; sourceTree = "<group>"; };
		D9A73AEE1D264ABB0041E971 /* GDTMobBannerView.h */ = {isa = PBXFileReference; fileEncoding = 4; lastKnownFileType = sourcecode.c.h; path = GDTMobBannerView.h; sourceTree = "<group>"; };
		D9A73AEF1D264ABB0041E971 /* GDTMobInterstitial.h */ = {isa = PBXFileReference; fileEncoding = 4; lastKnownFileType = sourcecode.c.h; path = GDTMobInterstitial.h; sourceTree = "<group>"; };
		D9A73AF01D264ABB0041E971 /* GDTNativeAd.h */ = {isa = PBXFileReference; fileEncoding = 4; lastKnownFileType = sourcecode.c.h; path = GDTNativeAd.h; sourceTree = "<group>"; };
		D9A73AF11D264ABB0041E971 /* GDTSplashAd.h */ = {isa = PBXFileReference; fileEncoding = 4; lastKnownFileType = sourcecode.c.h; path = GDTSplashAd.h; sourceTree = "<group>"; };
		D9A73AF21D264ABB0041E971 /* GDTTrack.h */ = {isa = PBXFileReference; fileEncoding = 4; lastKnownFileType = sourcecode.c.h; path = GDTTrack.h; sourceTree = "<group>"; };
		D9A73AF31D264ABB0041E971 /* libGDTMobSDK.a */ = {isa = PBXFileReference; lastKnownFileType = archive.ar; path = libGDTMobSDK.a; sourceTree = "<group>"; };
		D9A73AF51D264B8A0041E971 /* AdSupport.framework */ = {isa = PBXFileReference; lastKnownFileType = wrapper.framework; name = AdSupport.framework; path = System/Library/Frameworks/AdSupport.framework; sourceTree = SDKROOT; };
		D9A73AF71D264B930041E971 /* CoreLocation.framework */ = {isa = PBXFileReference; lastKnownFileType = wrapper.framework; name = CoreLocation.framework; path = System/Library/Frameworks/CoreLocation.framework; sourceTree = SDKROOT; };
		D9A73AF91D264B9A0041E971 /* QuartzCore.framework */ = {isa = PBXFileReference; lastKnownFileType = wrapper.framework; name = QuartzCore.framework; path = System/Library/Frameworks/QuartzCore.framework; sourceTree = SDKROOT; };
		D9A73AFB1D264BA70041E971 /* SystemConfiguration.framework */ = {isa = PBXFileReference; lastKnownFileType = wrapper.framework; name = SystemConfiguration.framework; path = System/Library/Frameworks/SystemConfiguration.framework; sourceTree = SDKROOT; };
		D9A73AFD1D264BB30041E971 /* CoreTelephony.framework */ = {isa = PBXFileReference; lastKnownFileType = wrapper.framework; name = CoreTelephony.framework; path = System/Library/Frameworks/CoreTelephony.framework; sourceTree = SDKROOT; };
		D9A73AFF1D264BBF0041E971 /* libz.tbd */ = {isa = PBXFileReference; lastKnownFileType = "sourcecode.text-based-dylib-definition"; name = libz.tbd; path = usr/lib/libz.tbd; sourceTree = SDKROOT; };
		D9A73B011D264BC60041E971 /* Security.framework */ = {isa = PBXFileReference; lastKnownFileType = wrapper.framework; name = Security.framework; path = System/Library/Frameworks/Security.framework; sourceTree = SDKROOT; };
		D9D41D4B1D2BA7B7002B7E57 /* Base */ = {isa = PBXFileReference; lastKnownFileType = text.plist.xml; name = Base; path = Base.lproj/Info.plist; sourceTree = "<group>"; };
		D9D41D4F1D2BA833002B7E57 /* Base */ = {isa = PBXFileReference; lastKnownFileType = text.plist.xml; name = Base; path = Base.lproj/workHoliday.plist; sourceTree = "<group>"; };
		D9E5FA371EFCFA3800AD56B5 /* libmtasdk.a */ = {isa = PBXFileReference; lastKnownFileType = archive.ar; path = libmtasdk.a; sourceTree = "<group>"; };
		D9E5FA391EFCFA6500AD56B5 /* MTA.h */ = {isa = PBXFileReference; fileEncoding = 4; lastKnownFileType = sourcecode.c.h; path = MTA.h; sourceTree = "<group>"; };
		D9E5FA3A1EFCFA6500AD56B5 /* MTAConfig.h */ = {isa = PBXFileReference; fileEncoding = 4; lastKnownFileType = sourcecode.c.h; path = MTAConfig.h; sourceTree = "<group>"; };
		D9E5FA3B1EFCFA9600AD56B5 /* libsqlite3.tbd */ = {isa = PBXFileReference; lastKnownFileType = "sourcecode.text-based-dylib-definition"; name = libsqlite3.tbd; path = usr/lib/libsqlite3.tbd; sourceTree = SDKROOT; };
/* End PBXFileReference section */

/* Begin PBXFrameworksBuildPhase section */
		D990A5821D191F36006476DB /* Frameworks */ = {
			isa = PBXFrameworksBuildPhase;
			buildActionMask = 2147483647;
			files = (
				D9E5FA3C1EFCFA9600AD56B5 /* libsqlite3.tbd in Frameworks */,
				D9A73B001D264BBF0041E971 /* libz.tbd in Frameworks */,
				D9A73B021D264BC60041E971 /* Security.framework in Frameworks */,
				D9E5FA381EFCFA3800AD56B5 /* libmtasdk.a in Frameworks */,
				D9A73AFE1D264BB30041E971 /* CoreTelephony.framework in Frameworks */,
				D9A73AFC1D264BA70041E971 /* SystemConfiguration.framework in Frameworks */,
				D9A73AFA1D264B9A0041E971 /* QuartzCore.framework in Frameworks */,
				D9A73AF81D264B930041E971 /* CoreLocation.framework in Frameworks */,
				D9A73AF61D264B8A0041E971 /* AdSupport.framework in Frameworks */,
				D9A73AF41D264ABB0041E971 /* libGDTMobSDK.a in Frameworks */,
			);
			runOnlyForDeploymentPostprocessing = 0;
		};
/* End PBXFrameworksBuildPhase section */

/* Begin PBXGroup section */
		D3F75BE4A95C54FDA310BEB6 /* Frameworks */ = {
			isa = PBXGroup;
			children = (
				D9E5FA3B1EFCFA9600AD56B5 /* libsqlite3.tbd */,
				D9A73B011D264BC60041E971 /* Security.framework */,
				D9A73AFF1D264BBF0041E971 /* libz.tbd */,
				D9A73AFD1D264BB30041E971 /* CoreTelephony.framework */,
				D9A73AFB1D264BA70041E971 /* SystemConfiguration.framework */,
				D9A73AF91D264B9A0041E971 /* QuartzCore.framework */,
				D9A73AF71D264B930041E971 /* CoreLocation.framework */,
				D9A73AF51D264B8A0041E971 /* AdSupport.framework */,
				D9A73AEC1D264AAC0041E971 /* TencentAD */,
			);
			name = Frameworks;
			sourceTree = "<group>";
		};
		D90D07791D224C3300DC806B /* Utils */ = {
			isa = PBXGroup;
			children = (
				D9A181321D1CFC86001B155F /* Calendar-Bridging-Header.h */,
				D9A181331D1CFDA6001B155F /* YYBaseRequest.swift */,
				D90D07771D221E3C00DC806B /* YYUtils.swift */,
				D942AC351D1A68CD00246980 /* YYDataMaster.swift */,
			);
			path = Utils;
			sourceTree = "<group>";
		};
		D90D077A1D224C4900DC806B /* UI */ = {
			isa = PBXGroup;
			children = (
				D90D077C1D224C7E00DC806B /* Detail */,
				D90D077B1D224C7400DC806B /* Home */,
			);
			path = UI;
			sourceTree = "<group>";
		};
		D90D077B1D224C7400DC806B /* Home */ = {
			isa = PBXGroup;
			children = (
				D90D077E1D224CAA00DC806B /* HomeHeaderView */,
				D90D077D1D224C9100DC806B /* HomeCell */,
				D987C29F1D1BA1CE002AC093 /* YYIndicateViewController.swift */,
			);
			path = Home;
			sourceTree = "<group>";
		};
		D90D077C1D224C7E00DC806B /* Detail */ = {
			isa = PBXGroup;
			children = (
				D90D077F1D224CDB00DC806B /* DetailCell */,
				D94E57631D21202E002A0A5D /* YYDayDetailViewController.swift */,
				D94E57641D21202E002A0A5D /* YYDayDetailViewController.xib */,
			);
			path = Detail;
			sourceTree = "<group>";
		};
		D90D077D1D224C9100DC806B /* HomeCell */ = {
			isa = PBXGroup;
			children = (
				D987C2A51D1BA8E5002AC093 /* YYDayCollectionViewCell.swift */,
				D987C2A61D1BA8E5002AC093 /* YYDayCollectionViewCell.xib */,
			);
			path = HomeCell;
			sourceTree = "<group>";
		};
		D90D077E1D224CAA00DC806B /* HomeHeaderView */ = {
			isa = PBXGroup;
			children = (
				D987C2A91D1BAC65002AC093 /* YYSectionHeaderReusableView.swift */,
				D987C2AA1D1BAC65002AC093 /* YYSectionHeaderReusableView.xib */,
			);
			path = HomeHeaderView;
			sourceTree = "<group>";
		};
		D90D077F1D224CDB00DC806B /* DetailCell */ = {
			isa = PBXGroup;
			children = (
				D90D07801D224CF300DC806B /* YYDetailTableViewCell.swift */,
				D970EF131D2C957500C32D66 /* YYDetailTableViewCell.xib */,
			);
			path = DetailCell;
			sourceTree = "<group>";
		};
		D990A57C1D191F36006476DB = {
			isa = PBXGroup;
			children = (
				D990A5871D191F36006476DB /* Calendar */,
				D990A5861D191F36006476DB /* Products */,
				D3F75BE4A95C54FDA310BEB6 /* Frameworks */,
			);
			sourceTree = "<group>";
		};
		D990A5861D191F36006476DB /* Products */ = {
			isa = PBXGroup;
			children = (
				D990A5851D191F36006476DB /* Calendar.app */,
			);
			name = Products;
			sourceTree = "<group>";
		};
		D990A5871D191F36006476DB /* Calendar */ = {
			isa = PBXGroup;
			children = (
				D9E5FA361EFCFA2400AD56B5 /* frameWorks */,
				D90D077A1D224C4900DC806B /* UI */,
				D90D07791D224C3300DC806B /* Utils */,
				D990A5881D191F36006476DB /* AppDelegate.swift */,
				D9A1812A1D1CE5D7001B155F /* Main.storyboard */,
				D990A58F1D191F36006476DB /* Assets.xcassets */,
				D990A5911D191F36006476DB /* LaunchScreen.storyboard */,
				D9D41D4C1D2BA7B7002B7E57 /* Info.plist */,
				D9D41D501D2BA833002B7E57 /* workHoliday.plist */,
			);
			path = Calendar;
			sourceTree = "<group>";
		};
		D9A73AEC1D264AAC0041E971 /* TencentAD */ = {
			isa = PBXGroup;
			children = (
				D9A73AED1D264ABB0041E971 /* libs */,
			);
			name = TencentAD;
			sourceTree = "<group>";
		};
		D9A73AED1D264ABB0041E971 /* libs */ = {
			isa = PBXGroup;
			children = (
				D9A73AEE1D264ABB0041E971 /* GDTMobBannerView.h */,
				D9A73AEF1D264ABB0041E971 /* GDTMobInterstitial.h */,
				D9A73AF01D264ABB0041E971 /* GDTNativeAd.h */,
				D9A73AF11D264ABB0041E971 /* GDTSplashAd.h */,
				D9A73AF21D264ABB0041E971 /* GDTTrack.h */,
				D9A73AF31D264ABB0041E971 /* libGDTMobSDK.a */,
			);
			path = libs;
			sourceTree = "<group>";
		};
		D9E5FA361EFCFA2400AD56B5 /* frameWorks */ = {
			isa = PBXGroup;
			children = (
				D9E5FA391EFCFA6500AD56B5 /* MTA.h */,
				D9E5FA3A1EFCFA6500AD56B5 /* MTAConfig.h */,
				D9E5FA371EFCFA3800AD56B5 /* libmtasdk.a */,
			);
			path = frameWorks;
			sourceTree = "<group>";
		};
/* End PBXGroup section */

/* Begin PBXNativeTarget section */
		D990A5841D191F36006476DB /* Calendar */ = {
			isa = PBXNativeTarget;
			buildConfigurationList = D990A5971D191F36006476DB /* Build configuration list for PBXNativeTarget "Calendar" */;
			buildPhases = (
				D990A5811D191F36006476DB /* Sources */,
				D990A5821D191F36006476DB /* Frameworks */,
				D9A1812C1D1CE672001B155F /* Resources */,
			);
			buildRules = (
			);
			dependencies = (
			);
			name = Calendar;
			productName = Calendar;
			productReference = D990A5851D191F36006476DB /* Calendar.app */;
			productType = "com.apple.product-type.application";
		};
/* End PBXNativeTarget section */

/* Begin PBXProject section */
		D990A57D1D191F36006476DB /* Project object */ = {
			isa = PBXProject;
			attributes = {
				LastSwiftUpdateCheck = 0800;
				LastUpgradeCheck = 0800;
				ORGANIZATIONNAME = HuaXiong;
				TargetAttributes = {
					D990A5841D191F36006476DB = {
						CreatedOnToolsVersion = 8.0;
						DevelopmentTeam = 3U8K6PU5MU;
						DevelopmentTeamName = "heng zhao";
						ProvisioningStyle = Automatic;
						SystemCapabilities = {
							com.apple.InAppPurchase = {
								enabled = 0;
							};
							com.apple.iCloud = {
								enabled = 0;
							};
						};
					};
				};
			};
			buildConfigurationList = D990A5801D191F36006476DB /* Build configuration list for PBXProject "Calendar" */;
			compatibilityVersion = "Xcode 3.2";
			developmentRegion = English;
			hasScannedForEncodings = 0;
			knownRegions = (
				en,
				Base,
				"zh-Hans",
			);
			mainGroup = D990A57C1D191F36006476DB;
			productRefGroup = D990A5861D191F36006476DB /* Products */;
			projectDirPath = "";
			projectRoot = "";
			targets = (
				D990A5841D191F36006476DB /* Calendar */,
			);
		};
/* End PBXProject section */

/* Begin PBXResourcesBuildPhase section */
		D9A1812C1D1CE672001B155F /* Resources */ = {
			isa = PBXResourcesBuildPhase;
			buildActionMask = 2147483647;
			files = (
				D9A181311D1CE6B8001B155F /* YYDayCollectionViewCell.xib in Resources */,
				D9891B4F1D9030E60052E822 /* workHoliday.plist in Resources */,
				D970EF111D2C957500C32D66 /* YYDetailTableViewCell.xib in Resources */,
				D9A181301D1CE6B3001B155F /* YYSectionHeaderReusableView.xib in Resources */,
				D94E57661D21202E002A0A5D /* YYDayDetailViewController.xib in Resources */,
				D9A1812F1D1CE696001B155F /* LaunchScreen.storyboard in Resources */,
				D9A1812E1D1CE67F001B155F /* Assets.xcassets in Resources */,
				D9A1812D1D1CE67A001B155F /* Main.storyboard in Resources */,
			);
			runOnlyForDeploymentPostprocessing = 0;
		};
/* End PBXResourcesBuildPhase section */

/* Begin PBXSourcesBuildPhase section */
		D990A5811D191F36006476DB /* Sources */ = {
			isa = PBXSourcesBuildPhase;
			buildActionMask = 2147483647;
			files = (
				D9A181341D1CFDA6001B155F /* YYBaseRequest.swift in Sources */,
				D94E57651D21202E002A0A5D /* YYDayDetailViewController.swift in Sources */,
				D942AC361D1A68CD00246980 /* YYDataMaster.swift in Sources */,
				D90D07781D221E3C00DC806B /* YYUtils.swift in Sources */,
				D990A5891D191F36006476DB /* AppDelegate.swift in Sources */,
				D987C2A71D1BA8E5002AC093 /* YYDayCollectionViewCell.swift in Sources */,
				D987C2AB1D1BAC65002AC093 /* YYSectionHeaderReusableView.swift in Sources */,
				D90D07821D224CF300DC806B /* YYDetailTableViewCell.swift in Sources */,
				D987C2A01D1BA1CE002AC093 /* YYIndicateViewController.swift in Sources */,
			);
			runOnlyForDeploymentPostprocessing = 0;
		};
/* End PBXSourcesBuildPhase section */

/* Begin PBXVariantGroup section */
		D970EF131D2C957500C32D66 /* YYDetailTableViewCell.xib */ = {
			isa = PBXVariantGroup;
			children = (
				D970EF121D2C957500C32D66 /* Base */,
				D970EF161D2C95AA00C32D66 /* zh-Hans */,
			);
			name = YYDetailTableViewCell.xib;
			sourceTree = "<group>";
		};
		D990A5911D191F36006476DB /* LaunchScreen.storyboard */ = {
			isa = PBXVariantGroup;
			children = (
				D990A5921D191F36006476DB /* Base */,
				D970EF181D2C95AA00C32D66 /* zh-Hans */,
			);
			name = LaunchScreen.storyboard;
			sourceTree = "<group>";
		};
		D9A1812A1D1CE5D7001B155F /* Main.storyboard */ = {
			isa = PBXVariantGroup;
			children = (
				D9A1812B1D1CE5D7001B155F /* Base */,
				D970EF171D2C95AA00C32D66 /* zh-Hans */,
			);
			name = Main.storyboard;
			sourceTree = "<group>";
		};
		D9D41D4C1D2BA7B7002B7E57 /* Info.plist */ = {
			isa = PBXVariantGroup;
			children = (
				D9D41D4B1D2BA7B7002B7E57 /* Base */,
				D93BB7951EFB6597006432C7 /* zh-Hans */,
				D93BB7961EFB659F006432C7 /* en */,
			);
			name = Info.plist;
			sourceTree = "<group>";
		};
		D9D41D501D2BA833002B7E57 /* workHoliday.plist */ = {
			isa = PBXVariantGroup;
			children = (
				D9D41D4F1D2BA833002B7E57 /* Base */,
				D970EF1A1D2C95AA00C32D66 /* zh-Hans */,
			);
			name = workHoliday.plist;
			sourceTree = "<group>";
		};
/* End PBXVariantGroup section */

/* Begin XCBuildConfiguration section */
		D990A5951D191F36006476DB /* Debug */ = {
			isa = XCBuildConfiguration;
			buildSettings = {
				ALWAYS_SEARCH_USER_PATHS = NO;
				CLANG_ANALYZER_NONNULL = YES;
				CLANG_CXX_LANGUAGE_STANDARD = "gnu++0x";
				CLANG_CXX_LIBRARY = "libc++";
				CLANG_ENABLE_MODULES = YES;
				CLANG_ENABLE_OBJC_ARC = YES;
				CLANG_WARN_BOOL_CONVERSION = YES;
				CLANG_WARN_CONSTANT_CONVERSION = YES;
				CLANG_WARN_DIRECT_OBJC_ISA_USAGE = YES_ERROR;
				CLANG_WARN_DOCUMENTATION_COMMENTS = YES;
				CLANG_WARN_EMPTY_BODY = YES;
				CLANG_WARN_ENUM_CONVERSION = YES;
				CLANG_WARN_INT_CONVERSION = YES;
				CLANG_WARN_OBJC_ROOT_CLASS = YES_ERROR;
				CLANG_WARN_UNREACHABLE_CODE = YES;
				CLANG_WARN__DUPLICATE_METHOD_MATCH = YES;
				CODE_SIGN_IDENTITY = "iPhone Distribution: heng zhao (3U8K6PU5MU)";
				"CODE_SIGN_IDENTITY[sdk=iphoneos*]" = "iPhone Distribution: heng zhao (3U8K6PU5MU)";
				COPY_PHASE_STRIP = NO;
				DEBUG_INFORMATION_FORMAT = dwarf;
				ENABLE_STRICT_OBJC_MSGSEND = YES;
				ENABLE_TESTABILITY = YES;
				GCC_C_LANGUAGE_STANDARD = gnu99;
				GCC_DYNAMIC_NO_PIC = NO;
				GCC_NO_COMMON_BLOCKS = YES;
				GCC_OPTIMIZATION_LEVEL = 0;
				GCC_PREPROCESSOR_DEFINITIONS = (
					"DEBUG=1",
					"$(inherited)",
				);
				GCC_WARN_64_TO_32_BIT_CONVERSION = YES;
				GCC_WARN_ABOUT_RETURN_TYPE = YES_ERROR;
				GCC_WARN_UNDECLARED_SELECTOR = YES;
				GCC_WARN_UNINITIALIZED_AUTOS = YES_AGGRESSIVE;
				GCC_WARN_UNUSED_FUNCTION = YES;
				GCC_WARN_UNUSED_VARIABLE = YES;
				IPHONEOS_DEPLOYMENT_TARGET = 8.0;
				MTL_ENABLE_DEBUG_INFO = YES;
				ONLY_ACTIVE_ARCH = YES;
				PROVISIONING_PROFILE = "a7f2431e-2640-4551-b62c-485dbcfa8a68";
				SDKROOT = iphoneos;
				SWIFT_ACTIVE_COMPILATION_CONDITIONS = DEBUG;
				SWIFT_OPTIMIZATION_LEVEL = "-Onone";
			};
			name = Debug;
		};
		D990A5961D191F36006476DB /* Release */ = {
			isa = XCBuildConfiguration;
			buildSettings = {
				ALWAYS_SEARCH_USER_PATHS = NO;
				CLANG_ANALYZER_NONNULL = YES;
				CLANG_CXX_LANGUAGE_STANDARD = "gnu++0x";
				CLANG_CXX_LIBRARY = "libc++";
				CLANG_ENABLE_MODULES = YES;
				CLANG_ENABLE_OBJC_ARC = YES;
				CLANG_WARN_BOOL_CONVERSION = YES;
				CLANG_WARN_CONSTANT_CONVERSION = YES;
				CLANG_WARN_DIRECT_OBJC_ISA_USAGE = YES_ERROR;
				CLANG_WARN_DOCUMENTATION_COMMENTS = YES;
				CLANG_WARN_EMPTY_BODY = YES;
				CLANG_WARN_ENUM_CONVERSION = YES;
				CLANG_WARN_INT_CONVERSION = YES;
				CLANG_WARN_OBJC_ROOT_CLASS = YES_ERROR;
				CLANG_WARN_UNREACHABLE_CODE = YES;
				CLANG_WARN__DUPLICATE_METHOD_MATCH = YES;
				CODE_SIGN_IDENTITY = "iPhone Distribution: heng zhao (3U8K6PU5MU)";
				"CODE_SIGN_IDENTITY[sdk=iphoneos*]" = "iPhone Distribution: heng zhao (3U8K6PU5MU)";
				COPY_PHASE_STRIP = NO;
				DEBUG_INFORMATION_FORMAT = "dwarf-with-dsym";
				ENABLE_NS_ASSERTIONS = NO;
				ENABLE_STRICT_OBJC_MSGSEND = YES;
				GCC_C_LANGUAGE_STANDARD = gnu99;
				GCC_NO_COMMON_BLOCKS = YES;
				GCC_WARN_64_TO_32_BIT_CONVERSION = YES;
				GCC_WARN_ABOUT_RETURN_TYPE = YES_ERROR;
				GCC_WARN_UNDECLARED_SELECTOR = YES;
				GCC_WARN_UNINITIALIZED_AUTOS = YES_AGGRESSIVE;
				GCC_WARN_UNUSED_FUNCTION = YES;
				GCC_WARN_UNUSED_VARIABLE = YES;
				IPHONEOS_DEPLOYMENT_TARGET = 8.0;
				MTL_ENABLE_DEBUG_INFO = NO;
				PROVISIONING_PROFILE = "a7f2431e-2640-4551-b62c-485dbcfa8a68";
				SDKROOT = iphoneos;
				SWIFT_OPTIMIZATION_LEVEL = "-Owholemodule";
				VALIDATE_PRODUCT = YES;
			};
			name = Release;
		};
		D990A5981D191F36006476DB /* Debug */ = {
			isa = XCBuildConfiguration;
			buildSettings = {
				ASSETCATALOG_COMPILER_APPICON_NAME = AppIcon;
				ASSETCATALOG_COMPILER_LAUNCHIMAGE_NAME = LaunchImage;
				CODE_SIGN_IDENTITY = "iPhone Developer";
				"CODE_SIGN_IDENTITY[sdk=iphoneos*]" = "iPhone Developer";
				DEVELOPMENT_TEAM = 3U8K6PU5MU;
				GCC_PREFIX_HEADER = "";
				INFOPLIST_FILE = "/Users/svendson/百度云同步盘/我的个人文件（WB）/项目文件/放假万年历/Calendar/Calendar/Base.lproj/info.plist";
				IPHONEOS_DEPLOYMENT_TARGET = 8.0;
				LD_RUNPATH_SEARCH_PATHS = "$(inherited) @executable_path/Frameworks";
				LIBRARY_SEARCH_PATHS = (
					"$(inherited)",
					"$(PROJECT_DIR)/libs",
					"$(PROJECT_DIR)/Calendar/frameWorks",
				);
				OTHER_LDFLAGS = (
					"$(inherited)",
					"-ObjC",
					"-l\"AFNetworking\"",
					"-l\"MBProgressHUD\"",
					"-framework",
					"\"CoreGraphics\"",
					"-framework",
					"\"MobileCoreServices\"",
					"-framework",
					"\"Security\"",
					"-framework",
					"\"SystemConfiguration\"",
					"-all_load",
				);
				PRODUCT_BUNDLE_IDENTIFIER = com.calendar.basic.adpb;
				PRODUCT_NAME = "$(TARGET_NAME)";
				PROVISIONING_PROFILE = "";
				SDKROOT = iphoneos;
				SWIFT_OBJC_BRIDGING_HEADER = "/Users/svendson/百度云同步盘/我的个人文件（WB）/项目文件/放假万年历/Calendar/Calendar/Calendar-Bridging-Header.h";
				SWIFT_VERSION = 3.0;
				TARGETED_DEVICE_FAMILY = "1,2";
			};
			name = Debug;
		};
		D990A5991D191F36006476DB /* Release */ = {
			isa = XCBuildConfiguration;
			buildSettings = {
				ASSETCATALOG_COMPILER_APPICON_NAME = AppIcon;
				ASSETCATALOG_COMPILER_LAUNCHIMAGE_NAME = LaunchImage;
				CODE_SIGN_IDENTITY = "iPhone Developer";
				DEVELOPMENT_TEAM = 3U8K6PU5MU;
				GCC_PREFIX_HEADER = "";
				INFOPLIST_FILE = "/Users/svendson/百度云同步盘/我的个人文件（WB）/项目文件/放假万年历/Calendar/Calendar/Base.lproj/info.plist";
				IPHONEOS_DEPLOYMENT_TARGET = 8.0;
				LD_RUNPATH_SEARCH_PATHS = "$(inherited) @executable_path/Frameworks";
				LIBRARY_SEARCH_PATHS = (
					"$(inherited)",
					"$(PROJECT_DIR)/libs",
					"$(PROJECT_DIR)/Calendar/frameWorks",
				);
				OTHER_LDFLAGS = (
					"$(inherited)",
					"-ObjC",
					"-l\"AFNetworking\"",
					"-l\"MBProgressHUD\"",
					"-framework",
					"\"CoreGraphics\"",
					"-framework",
					"\"MobileCoreServices\"",
					"-framework",
					"\"Security\"",
					"-framework",
					"\"SystemConfiguration\"",
					"-all_load",
				);
				PRODUCT_BUNDLE_IDENTIFIER = com.calendar.basic.adpb;
				PRODUCT_NAME = "$(TARGET_NAME)";
				PROVISIONING_PROFILE = "";
				SDKROOT = iphoneos;
				SWIFT_OBJC_BRIDGING_HEADER = "/Users/svendson/百度云同步盘/我的个人文件（WB）/项目文件/放假万年历/Calendar/Calendar/Calendar-Bridging-Header.h";
				SWIFT_VERSION = 3.0;
				TARGETED_DEVICE_FAMILY = "1,2";
			};
			name = Release;
		};
/* End XCBuildConfiguration section */

/* Begin XCConfigurationList section */
		D990A5801D191F36006476DB /* Build configuration list for PBXProject "Calendar" */ = {
			isa = XCConfigurationList;
			buildConfigurations = (
				D990A5951D191F36006476DB /* Debug */,
				D990A5961D191F36006476DB /* Release */,
			);
			defaultConfigurationIsVisible = 0;
			defaultConfigurationName = Release;
		};
		D990A5971D191F36006476DB /* Build configuration list for PBXNativeTarget "Calendar" */ = {
			isa = XCConfigurationList;
			buildConfigurations = (
				D990A5981D191F36006476DB /* Debug */,
				D990A5991D191F36006476DB /* Release */,
			);
			defaultConfigurationIsVisible = 0;
			defaultConfigurationName = Release;
		};
/* End XCConfigurationList section */
	};
	rootObject = D990A57D1D191F36006476DB /* Project object */;
}
